
Microsoft Visual Studio Solution File, Format Version 12.00
# Visual Studio Version 16
VisualStudioVersion = 16.0.30011.22
MinimumVisualStudioVersion = 10.0.40219.1
Project("{FAE04EC0-301F-11D3-BF4B-00C04F79EFBC}") = "ScaffoldIdentity", "ScaffoldIdentity.csproj", "{D312770D-F76B-42D7-8EF4-A3C623DBDADB}"
EndProject
Global
	GlobalSection(SolutionConfigurationPlatforms) = preSolution
		Debug|Any CPU = Debug|Any CPU
		Release|Any CPU = Release|Any CPU
	EndGlobalSection
	GlobalSection(ProjectConfigurationPlatforms) = postSolution
		{D312770D-F76B-42D7-8EF4-A3C623DBDADB}.Debug|Any CPU.ActiveCfg = Debug|Any CPU
		{D312770D-F76B-42D7-8EF4-A3C623DBDADB}.Debug|Any CPU.Build.0 = Debug|Any CPU
		{D312770D-F76B-42D7-8EF4-A3C623DBDADB}.Release|Any CPU.ActiveCfg = Release|Any CPU
		{D312770D-F76B-42D7-8EF4-A3C623DBDADB}.Release|Any CPU.Build.0 = Release|Any CPU
	EndGlobalSection
	GlobalSection(SolutionProperties) = preSolution
		HideSolutionNode = FALSE
	EndGlobalSection
	GlobalSection(ExtensibilityGlobals) = postSolution
		SolutionGuid = {FC839B45-4130-441B-A92B-AFECF5C938B7}
	EndGlobalSection
EndGlobal
